<?xml version="1.0" encoding="utf-8"?>
<Project ToolsVersion="4.0" xmlns="http://schemas.microsoft.com/developer/msbuild/2003">
  <ItemGroup>
    <Filter Include="Source Files">
      <UniqueIdentifier>{4FC737F1-C7A5-4376-A066-2A32D752A2FF}</UniqueIdentifier>
      <Extensions>cpp;c;cc;cxx;c++;cppm;ixx;def;odl;idl;hpj;bat;asm;asmx</Extensions>
    </Filter>
    <Filter Include="Header Files">
      <UniqueIdentifier>{93995380-89BD-4b04-88EB-625FBE52EBFB}</UniqueIdentifier>
      <Extensions>h;hh;hpp;hxx;h++;hm;inl;inc;ipp;xsd</Extensions>
    </Filter>
    <Filter Include="Resource Files">
      <UniqueIdentifier>{67DA6AB6-F800-4c08-8B7A-83BB121AAD01}</UniqueIdentifier>
      <Extensions>rc;ico;cur;bmp;dlg;rc2;rct;bin;rgs;gif;jpg;jpeg;jpe;resx;tiff;tif;png;wav;mfcribbon-ms</Extensions>
    </Filter>
    <Filter Include="Game">
      <UniqueIdentifier>{f72497ab-99aa-4170-8bcf-17b9a0a7c636}</UniqueIdentifier>
    </Filter>
    <Filter Include="Engine">
      <UniqueIdentifier>{4089bd62-9b15-49bf-b1d9-291bb4df7a5c}</UniqueIdentifier>
    </Filter>
    <Filter Include="Engine\Librairies">
      <UniqueIdentifier>{3a6f110f-0067-47ea-8605-b30bc8790a0f}</UniqueIdentifier>
    </Filter>
    <Filter Include="Engine\Librairies\Forms">
      <UniqueIdentifier>{c57e24e7-e7fd-4b2e-971b-126290c2240e}</UniqueIdentifier>
    </Filter>
    <Filter Include="Engine\Render">
      <UniqueIdentifier>{c0f5a767-8336-4bf3-aea1-5f82aa8e345f}</UniqueIdentifier>
    </Filter>
    <Filter Include="Engine\Render\Window">
      <UniqueIdentifier>{830a77ed-2c3d-4193-bb25-4b982f8f2df8}</UniqueIdentifier>
    </Filter>
    <Filter Include="Engine\Render\Renderer">
      <UniqueIdentifier>{74b13617-056e-4e63-8430-ad56f0fd562a}</UniqueIdentifier>
    </Filter>
    <Filter Include="Engine\Debug">
      <UniqueIdentifier>{82c0635e-96b4-4f4c-9d43-0ba4a6ff3624}</UniqueIdentifier>
    </Filter>
    <Filter Include="Game\Scenes">
      <UniqueIdentifier>{41afc706-2212-422e-97b3-ddf3d741529a}</UniqueIdentifier>
    </Filter>
    <Filter Include="Game\Actors">
      <UniqueIdentifier>{cc61f775-cd15-4c73-ad31-0a3abd2cf407}</UniqueIdentifier>
    </Filter>
    <Filter Include="Game\Components">
      <UniqueIdentifier>{3a7a8b32-f11f-4c54-a47e-9a43793be007}</UniqueIdentifier>
    </Filter>
    <Filter Include="Engine\GameBase">
      <UniqueIdentifier>{dd7518fc-ed91-4911-9d2b-d186fbbe9d6e}</UniqueIdentifier>
    </Filter>
    <Filter Include="Engine\GameBase\Scene">
      <UniqueIdentifier>{272c23f0-c0d6-4e8b-a467-3688866b02ce}</UniqueIdentifier>
    </Filter>
    <Filter Include="Engine\GameBase\Scene\Actor">
      <UniqueIdentifier>{a017189f-8156-4e38-ac38-2b202b978f19}</UniqueIdentifier>
    </Filter>
    <Filter Include="Engine\GameBase\Scene\Actor\Components">
      <UniqueIdentifier>{66c43a75-f504-4752-83f8-94991351460e}</UniqueIdentifier>
    </Filter>
    <Filter Include="Engine\Librairies\TimeLib">
      <UniqueIdentifier>{957927e3-4925-4d67-8287-02ed7f8e24bd}</UniqueIdentifier>
    </Filter>
    <Filter Include="Engine\GameBase\Scene\Actor\Components\Transform2D">
      <UniqueIdentifier>{f6737aa9-9800-4448-b9e2-7d4083dfb53b}</UniqueIdentifier>
    </Filter>
    <Filter Include="Engine\Librairies\Inputs">
      <UniqueIdentifier>{88ed2afc-3b2c-4ebb-b268-4e7644ee3f23}</UniqueIdentifier>
    </Filter>
    <Filter Include="Engine\GameBase\Scene\Actor\Components\Collider2D">
      <UniqueIdentifier>{7c2bb18e-2632-4e02-8eb9-2cb3aa1c48d3}</UniqueIdentifier>
    </Filter>
    <Filter Include="Engine\GameBase\Scene\Actor\Components\Collider2D\BoxCollider2D">
      <UniqueIdentifier>{59a5425a-515e-473e-9909-2c885649f403}</UniqueIdentifier>
    </Filter>
    <Filter Include="Engine\Render\Asset">
      <UniqueIdentifier>{a8aca883-86c8-4fce-b86b-61056ce507b3}</UniqueIdentifier>
    </Filter>
    <Filter Include="Engine\Render\Asset\Texture">
      <UniqueIdentifier>{c3383c45-3c39-47a5-a5ac-d349f41e44e3}</UniqueIdentifier>
    </Filter>
    <Filter Include="Engine\GameBase\Scene\Actor\Components\Sprite2D">
      <UniqueIdentifier>{df30bf39-30ee-4360-b8e1-5588b0c133bc}</UniqueIdentifier>
    </Filter>
    <Filter Include="Engine\GameBase\Scene\Actor\Components\Sprite2D\Animation2D">
      <UniqueIdentifier>{52932ea0-ed14-46f2-b2e8-5eaddabaa5aa}</UniqueIdentifier>
    </Filter>
  </ItemGroup>
  <ItemGroup>
    <ClCompile Include="main.cpp">
      <Filter>Source Files</Filter>
    </ClCompile>
    <ClCompile Include="CommonLib.h">
      <Filter>Engine\Librairies</Filter>
    </ClCompile>
    <ClCompile Include="MathLib.h">
      <Filter>Engine\Librairies</Filter>
    </ClCompile>
    <ClCompile Include="Actor.cpp">
      <Filter>Engine\GameBase\Scene\Actor</Filter>
    </ClCompile>
    <ClCompile Include="Component.cpp">
      <Filter>Engine\GameBase\Scene\Actor\Components</Filter>
    </ClCompile>
    <ClCompile Include="Window.cpp">
      <Filter>Engine\Render\Window</Filter>
    </ClCompile>
    <ClCompile Include="Renderer.cpp">
      <Filter>Engine\Render\Renderer</Filter>
    </ClCompile>
    <ClCompile Include="Log.cpp">
      <Filter>Engine\Debug</Filter>
    </ClCompile>
    <ClCompile Include="Game.cpp">
      <Filter>Engine\GameBase</Filter>
    </ClCompile>
    <ClCompile Include="Scene.cpp">
      <Filter>Engine\GameBase\Scene</Filter>
    </ClCompile>
    <ClCompile Include="Time.cpp">
      <Filter>Engine\Librairies\TimeLib</Filter>
    </ClCompile>
    <ClCompile Include="cTransform2D.cpp">
      <Filter>Engine\GameBase\Scene\Actor\Components\Transform2D</Filter>
    </ClCompile>
    <ClCompile Include="Inputs.cpp">
      <Filter>Engine\Librairies\Inputs</Filter>
    </ClCompile>
    <ClCompile Include="Paddle.cpp">
      <Filter>Game\Actors</Filter>
    </ClCompile>
    <ClCompile Include="Scene_Pong.h">
      <Filter>Game\Scenes</Filter>
    </ClCompile>
    <ClCompile Include="Scene_Pong.cpp">
      <Filter>Game\Scenes</Filter>
    </ClCompile>
    <ClCompile Include="cBoxCollider2D.cpp">
      <Filter>Engine\GameBase\Scene\Actor\Components\Collider2D\BoxCollider2D</Filter>
    </ClCompile>
    <ClCompile Include="cCollider.cpp">
      <Filter>Engine\GameBase\Scene\Actor\Components\Collider2D</Filter>
    </ClCompile>
    <ClCompile Include="Box.cpp">
      <Filter>Game\Actors</Filter>
    </ClCompile>
    <ClCompile Include="Texture.cpp">
      <Filter>Engine\Render\Asset\Texture</Filter>
    </ClCompile>
    <ClCompile Include="Assets.cpp">
      <Filter>Engine\Render\Asset</Filter>
    </ClCompile>
    <ClCompile Include="cSprite2D.cpp">
      <Filter>Engine\GameBase\Scene\Actor\Components\Sprite2D</Filter>
    </ClCompile>
    <ClCompile Include="cAnimation2D.cpp">
      <Filter>Source Files</Filter>
    </ClCompile>
  </ItemGroup>
  <ItemGroup>
    <ClInclude Include="Rectangle.h">
      <Filter>Engine\Librairies\Forms</Filter>
    </ClInclude>
    <ClInclude Include="Actor.h">
      <Filter>Engine\GameBase\Scene\Actor</Filter>
    </ClInclude>
    <ClInclude Include="Component.h">
      <Filter>Engine\GameBase\Scene\Actor\Components</Filter>
    </ClInclude>
    <ClInclude Include="Window.h">
      <Filter>Engine\Render\Window</Filter>
    </ClInclude>
    <ClInclude Include="Renderer.h">
      <Filter>Engine\Render\Renderer</Filter>
    </ClInclude>
    <ClInclude Include="Log.h">
      <Filter>Engine\Debug</Filter>
    </ClInclude>
    <ClInclude Include="Game.h">
      <Filter>Engine\GameBase</Filter>
    </ClInclude>
    <ClInclude Include="Scene.h">
      <Filter>Engine\GameBase\Scene</Filter>
    </ClInclude>
    <ClInclude Include="Time.h">
      <Filter>Engine\Librairies\TimeLib</Filter>
    </ClInclude>
    <ClInclude Include="cTransform2D.h">
      <Filter>Engine\GameBase\Scene\Actor\Components\Transform2D</Filter>
    </ClInclude>
    <ClInclude Include="Paddle.h">
      <Filter>Game\Actors</Filter>
    </ClInclude>
    <ClInclude Include="Inputs.h">
      <Filter>Engine\Librairies\Inputs</Filter>
    </ClInclude>
    <ClInclude Include="cBoxCollider2D.h">
      <Filter>Engine\GameBase\Scene\Actor\Components\Collider2D\BoxCollider2D</Filter>
    </ClInclude>
    <ClInclude Include="cCollider.h">
      <Filter>Engine\GameBase\Scene\Actor\Components\Collider2D</Filter>
    </ClInclude>
    <ClInclude Include="Box.h">
      <Filter>Game\Actors</Filter>
    </ClInclude>
    <ClInclude Include="Texture.h">
      <Filter>Engine\Render\Asset\Texture</Filter>
    </ClInclude>
    <ClInclude Include="Assets.h">
      <Filter>Engine\Render\Asset</Filter>
    </ClInclude>
    <ClInclude Include="cSprite2D.h">
      <Filter>Engine\GameBase\Scene\Actor\Components\Sprite2D</Filter>
    </ClInclude>
    <ClInclude Include="cAnimation2D.h">
      <Filter>Engine\GameBase\Scene\Actor\Components\Sprite2D\Animation2D</Filter>
    </ClInclude>
  </ItemGroup>
</Project>